
Microsoft Visual Studio Solution File, Format Version 12.00
# Visual Studio 2013
VisualStudioVersion = 12.0.21005.1
MinimumVisualStudioVersion = 10.0.40219.1
Project("{8BC9CEB8-8B4A-11D0-8D11-00A0C91BC942}") = "OpenGL_Learning", "OpenGL_Learning\OpenGL_Learning.vcxproj", "{A908E954-52D0-4049-A453-5DB7327803EF}"
	ProjectSection(ProjectDependencies) = postProject
		{FA6AC2B1-2624-479C-AE69-EC33A5579B8B} = {FA6AC2B1-2624-479C-AE69-EC33A5579B8B}
	EndProjectSection
EndProject
Project("{8BC9CEB8-8B4A-11D0-8D11-00A0C91BC942}") = "Zongine", "Zongine\Zongine.vcxproj", "{FA6AC2B1-2624-479C-AE69-EC33A5579B8B}"
EndProject
Project("{8BC9CEB8-8B4A-11D0-8D11-00A0C91BC942}") = "Zombies", "Zombies\Zombies.vcxproj", "{479ED008-EC99-49D8-9C3C-BB6AC2119095}"
	ProjectSection(ProjectDependencies) = postProject
		{FA6AC2B1-2624-479C-AE69-EC33A5579B8B} = {FA6AC2B1-2624-479C-AE69-EC33A5579B8B}
	EndProjectSection
EndProject
Global
	GlobalSection(SolutionConfigurationPlatforms) = preSolution
		Debug|Win32 = Debug|Win32
		Release|Win32 = Release|Win32
	EndGlobalSection
	GlobalSection(ProjectConfigurationPlatforms) = postSolution
		{A908E954-52D0-4049-A453-5DB7327803EF}.Debug|Win32.ActiveCfg = Debug|Win32
		{A908E954-52D0-4049-A453-5DB7327803EF}.Debug|Win32.Build.0 = Debug|Win32
		{A908E954-52D0-4049-A453-5DB7327803EF}.Release|Win32.ActiveCfg = Release|Win32
		{A908E954-52D0-4049-A453-5DB7327803EF}.Release|Win32.Build.0 = Release|Win32
		{FA6AC2B1-2624-479C-AE69-EC33A5579B8B}.Debug|Win32.ActiveCfg = Debug|Win32
		{FA6AC2B1-2624-479C-AE69-EC33A5579B8B}.Debug|Win32.Build.0 = Debug|Win32
		{FA6AC2B1-2624-479C-AE69-EC33A5579B8B}.Release|Win32.ActiveCfg = Release|Win32
		{FA6AC2B1-2624-479C-AE69-EC33A5579B8B}.Release|Win32.Build.0 = Release|Win32
		{479ED008-EC99-49D8-9C3C-BB6AC2119095}.Debug|Win32.ActiveCfg = Debug|Win32
		{479ED008-EC99-49D8-9C3C-BB6AC2119095}.Debug|Win32.Build.0 = Debug|Win32
		{479ED008-EC99-49D8-9C3C-BB6AC2119095}.Release|Win32.ActiveCfg = Release|Win32
		{479ED008-EC99-49D8-9C3C-BB6AC2119095}.Release|Win32.Build.0 = Release|Win32
	EndGlobalSection
	GlobalSection(SolutionProperties) = preSolution
		HideSolutionNode = FALSE
	EndGlobalSection
EndGlobal
